STORAGE: NONE
RESTRICTION: || (== net6.0) (== netstandard2.0)
NUGET
  remote: https://api.nuget.org/v3/index.json
    BlackFox.VsWhere (1.1)
      FSharp.Core (>= 4.2.3)
      Microsoft.Win32.Registry (>= 4.7)
    Fake.Api.GitHub (6.1.4)
      FSharp.Core (>= 8.0.400)
      Octokit (>= 13.0.1)
    Fake.Core.CommandLineParsing (6.1.4)
      FParsec (>= 1.1.1)
      FSharp.Core (>= 8.0.400)
    Fake.Core.Context (6.1.4)
      FSharp.Core (>= 8.0.400)
    Fake.Core.Environment (6.1.4)
      FSharp.Core (>= 8.0.400)
    Fake.Core.FakeVar (6.1.4)
      Fake.Core.Context (>= 6.1.4)
      FSharp.Core (>= 8.0.400)
    Fake.Core.Process (6.1.4)
      Fake.Core.Environment (>= 6.1.4)
      Fake.Core.FakeVar (>= 6.1.4)
      Fake.Core.String (>= 6.1.4)
      Fake.Core.Trace (>= 6.1.4)
      Fake.IO.FileSystem (>= 6.1.4)
      FSharp.Core (>= 8.0.400)
      System.Collections.Immutable (>= 8.0)
    Fake.Core.ReleaseNotes (6.1.4)
      Fake.Core.SemVer (>= 6.1.4)
      Fake.Core.String (>= 6.1.4)
      FSharp.Core (>= 8.0.400)
    Fake.Core.SemVer (6.1.4)
      FSharp.Core (>= 8.0.400)
    Fake.Core.String (6.1.4)
      FSharp.Core (>= 8.0.400)
    Fake.Core.Target (6.1.4)
      Fake.Core.CommandLineParsing (>= 6.1.4)
      Fake.Core.Context (>= 6.1.4)
      Fake.Core.Environment (>= 6.1.4)
      Fake.Core.FakeVar (>= 6.1.4)
      Fake.Core.Process (>= 6.1.4)
      Fake.Core.String (>= 6.1.4)
      Fake.Core.Trace (>= 6.1.4)
      FSharp.Control.Reactive (>= 5.0.2)
      FSharp.Core (>= 8.0.400)
    Fake.Core.Tasks (6.1.4)
      Fake.Core.Trace (>= 6.1.4)
      FSharp.Core (>= 8.0.400)
    Fake.Core.Trace (6.1.4)
      Fake.Core.Environment (>= 6.1.4)
      Fake.Core.FakeVar (>= 6.1.4)
      FSharp.Core (>= 8.0.400)
    Fake.Core.Xml (6.1.4)
      Fake.Core.String (>= 6.1.4)
      FSharp.Core (>= 8.0.400)
    Fake.DotNet.Cli (6.1.4)
      Fake.Core.Environment (>= 6.1.4)
      Fake.Core.Process (>= 6.1.4)
      Fake.Core.String (>= 6.1.4)
      Fake.Core.Trace (>= 6.1.4)
      Fake.DotNet.MSBuild (>= 6.1.4)
      Fake.DotNet.NuGet (>= 6.1.4)
      Fake.IO.FileSystem (>= 6.1.4)
      FSharp.Core (>= 8.0.400)
      Mono.Posix.NETStandard (>= 1.0)
    Fake.DotNet.MSBuild (6.1.4)
      BlackFox.VsWhere (>= 1.1)
      Fake.Core.Environment (>= 6.1.4)
      Fake.Core.Process (>= 6.1.4)
      Fake.Core.String (>= 6.1.4)
      Fake.Core.Trace (>= 6.1.4)
      Fake.IO.FileSystem (>= 6.1.4)
      FSharp.Core (>= 8.0.400)
      MSBuild.StructuredLogger (>= 2.1.815)
    Fake.DotNet.NuGet (6.1.4)
      Fake.Core.Environment (>= 6.1.4)
      Fake.Core.Process (>= 6.1.4)
      Fake.Core.SemVer (>= 6.1.4)
      Fake.Core.String (>= 6.1.4)
      Fake.Core.Tasks (>= 6.1.4)
      Fake.Core.Trace (>= 6.1.4)
      Fake.Core.Xml (>= 6.1.4)
      Fake.IO.FileSystem (>= 6.1.4)
      Fake.Net.Http (>= 6.1.4)
      FSharp.Core (>= 8.0.400)
      Newtonsoft.Json (>= 13.0.3)
      NuGet.Protocol (>= 6.12.4)
    Fake.DotNet.Paket (6.1.4)
      Fake.Core.Process (>= 6.1.4)
      Fake.Core.String (>= 6.1.4)
      Fake.Core.Trace (>= 6.1.4)
      Fake.DotNet.Cli (>= 6.1.4)
      Fake.IO.FileSystem (>= 6.1.4)
      FSharp.Core (>= 8.0.400)
    Fake.IO.FileSystem (6.1.4)
      Fake.Core.String (>= 6.1.4)
      Fake.Core.Trace (>= 6.1.4)
      FSharp.Core (>= 8.0.400)
    Fake.Net.Http (6.1.4)
      Fake.Core.Trace (>= 6.1.4)
      FSharp.Core (>= 8.0.400)
    Fake.Tools.Git (6.1.4)
      Fake.Core.Environment (>= 6.1.4)
      Fake.Core.Process (>= 6.1.4)
      Fake.Core.SemVer (>= 6.1.4)
      Fake.Core.String (>= 6.1.4)
      Fake.Core.Trace (>= 6.1.4)
      Fake.IO.FileSystem (>= 6.1.4)
      FSharp.Core (>= 8.0.400)
    FParsec (1.1.1)
      FSharp.Core (>= 4.3.4)
    FSharp.Control.Reactive (6.1.2)
      FSharp.Core (>= 6.0.7)
      System.Reactive (>= 6.0.1)
    FSharp.Core (10.1.201)
    Microsoft.Build.Framework (18.4)
    Microsoft.Build.Utilities.Core (18.4)
      Microsoft.Build.Framework (>= 18.4)
    Microsoft.Win32.Registry (5.0)
      System.Buffers (>= 4.5.1) - restriction: || (&& (== net6.0) (>= monoandroid) (< netstandard1.3)) (&& (== net6.0) (>= monotouch)) (&& (== net6.0) (< netcoreapp2.0)) (&& (== net6.0) (>= xamarinios)) (&& (== net6.0) (>= xamarinmac)) (&& (== net6.0) (>= xamarintvos)) (&& (== net6.0) (>= xamarinwatchos)) (== netstandard2.0)
      System.Memory (>= 4.5.4) - restriction: || (&& (== net6.0) (< netcoreapp2.0)) (&& (== net6.0) (< netcoreapp2.1)) (&& (== net6.0) (>= uap10.1)) (== netstandard2.0)
      System.Security.AccessControl (>= 5.0)
      System.Security.Principal.Windows (>= 5.0)
    Mono.Posix.NETStandard (1.0)
    MSBuild.StructuredLogger (2.3.154)
      Microsoft.Build.Framework (>= 17.5)
      Microsoft.Build.Utilities.Core (>= 17.5)
      System.Collections.Immutable (>= 8.0)
      System.Memory (>= 4.6)
      System.Runtime.CompilerServices.Unsafe (>= 6.1)
    Newtonsoft.Json (13.0.4)
    NuGet.Protocol (7.3)
    Octokit (14.0)
    System.Buffers (4.6.1) - restriction: || (&& (== net6.0) (>= net462)) (&& (== net6.0) (< netcoreapp2.1) (< netstandard2.1)) (== netstandard2.0)
    System.Collections.Immutable (10.0.5)
      System.Memory (>= 4.6.3)
      System.Runtime.CompilerServices.Unsafe (>= 6.1.2)
    System.Memory (4.6.3)
      System.Buffers (>= 4.6.1) - restriction: || (&& (== net6.0) (>= net462)) (&& (== net6.0) (< netcoreapp2.1) (< netstandard2.1)) (== netstandard2.0)
      System.Numerics.Vectors (>= 4.6.1) - restriction: || (&& (== net6.0) (>= net462)) (&& (== net6.0) (< netcoreapp2.1) (< netstandard2.1)) (== netstandard2.0)
      System.Runtime.CompilerServices.Unsafe (>= 6.1.2) - restriction: || (&& (== net6.0) (>= net462)) (&& (== net6.0) (< netcoreapp2.1) (< netstandard2.1)) (== netstandard2.0)
    System.Numerics.Vectors (4.6.1) - restriction: || (&& (== net6.0) (>= net462)) (&& (== net6.0) (< netcoreapp2.1) (< netstandard2.1)) (== netstandard2.0)
    System.Reactive (6.1)
      System.Threading.Tasks.Extensions (>= 4.5.4) - restriction: || (&& (== net6.0) (>= net472)) (&& (== net6.0) (>= uap10.1)) (== netstandard2.0)
    System.Runtime.CompilerServices.Unsafe (6.1.2)
    System.Security.AccessControl (6.0.1)
      System.Security.Principal.Windows (>= 5.0) - restriction: || (&& (== net6.0) (>= net461)) (== netstandard2.0)
    System.Security.Principal.Windows (5.0)
    System.Threading.Tasks.Extensions (4.6.3) - restriction: || (&& (== net6.0) (>= net472)) (&& (== net6.0) (>= uap10.1)) (== netstandard2.0)
      System.Runtime.CompilerServices.Unsafe (>= 6.1.2) - restriction: || (&& (== net6.0) (>= net462)) (&& (== net6.0) (< netcoreapp2.1) (< netstandard2.1)) (== netstandard2.0)
